
Microsoft Visual Studio Solution File, Format Version 12.00
# Visual Studio Version 17
Project("{8BC9CEB8-8B4A-11D0-8D11-00A0C91BC942}") = "ALL_BUILD", "ALL_BUILD.vcxproj", "{95DE9F88-55A4-3621-BB83-EA20F5AA7902}"
	ProjectSection(ProjectDependencies) = postProject
		{330AB0CA-2A7A-3601-AD34-479DB0536166} = {330AB0CA-2A7A-3601-AD34-479DB0536166}
	EndProjectSection
EndProject
Project("{8BC9CEB8-8B4A-11D0-8D11-00A0C91BC942}") = "ZERO_CHECK", "ZERO_CHECK.vcxproj", "{330AB0CA-2A7A-3601-AD34-479DB0536166}"
	ProjectSection(ProjectDependencies) = postProject
	EndProjectSection
EndProject
Global
	GlobalSection(SolutionConfigurationPlatforms) = preSolution
		Debug|x64 = Debug|x64
		Release|x64 = Release|x64
		MinSizeRel|x64 = MinSizeRel|x64
		RelWithDebInfo|x64 = RelWithDebInfo|x64
	EndGlobalSection
	GlobalSection(ProjectConfigurationPlatforms) = postSolution
		{95DE9F88-55A4-3621-BB83-EA20F5AA7902}.Debug|x64.ActiveCfg = Debug|x64
		{95DE9F88-55A4-3621-BB83-EA20F5AA7902}.Release|x64.ActiveCfg = Release|x64
		{95DE9F88-55A4-3621-BB83-EA20F5AA7902}.MinSizeRel|x64.ActiveCfg = MinSizeRel|x64
		{95DE9F88-55A4-3621-BB83-EA20F5AA7902}.RelWithDebInfo|x64.ActiveCfg = RelWithDebInfo|x64
		{330AB0CA-2A7A-3601-AD34-479DB0536166}.Debug|x64.ActiveCfg = Debug|x64
		{330AB0CA-2A7A-3601-AD34-479DB0536166}.Debug|x64.Build.0 = Debug|x64
		{330AB0CA-2A7A-3601-AD34-479DB0536166}.Release|x64.ActiveCfg = Release|x64
		{330AB0CA-2A7A-3601-AD34-479DB0536166}.Release|x64.Build.0 = Release|x64
		{330AB0CA-2A7A-3601-AD34-479DB0536166}.MinSizeRel|x64.ActiveCfg = MinSizeRel|x64
		{330AB0CA-2A7A-3601-AD34-479DB0536166}.MinSizeRel|x64.Build.0 = MinSizeRel|x64
		{330AB0CA-2A7A-3601-AD34-479DB0536166}.RelWithDebInfo|x64.ActiveCfg = RelWithDebInfo|x64
		{330AB0CA-2A7A-3601-AD34-479DB0536166}.RelWithDebInfo|x64.Build.0 = RelWithDebInfo|x64
	EndGlobalSection
	GlobalSection(ExtensibilityGlobals) = postSolution
		SolutionGuid = {925EDC49-6BFF-3389-85CA-AA719FA641F8}
	EndGlobalSection
	GlobalSection(ExtensibilityAddIns) = postSolution
	EndGlobalSection
EndGlobal
